
Microsoft Visual Studio Solution File, Format Version 12.00
# Visual Studio Version 17
VisualStudioVersion = 17.5.33530.505
MinimumVisualStudioVersion = 10.0.40219.1
Project("{FAE04EC0-301F-11D3-BF4B-00C04F79EFBC}") = "PhoneBrands", "PhoneBrands\PhoneBrands.csproj", "{E224933C-4BFF-4529-B8F7-AF75814B4E78}"
EndProject
Global
	GlobalSection(SolutionConfigurationPlatforms) = preSolution
		Debug|Any CPU = Debug|Any CPU
		Release|Any CPU = Release|Any CPU
	EndGlobalSection
	GlobalSection(ProjectConfigurationPlatforms) = postSolution
		{E224933C-4BFF-4529-B8F7-AF75814B4E78}.Debug|Any CPU.ActiveCfg = Debug|Any CPU
		{E224933C-4BFF-4529-B8F7-AF75814B4E78}.Debug|Any CPU.Build.0 = Debug|Any CPU
		{E224933C-4BFF-4529-B8F7-AF75814B4E78}.Release|Any CPU.ActiveCfg = Release|Any CPU
		{E224933C-4BFF-4529-B8F7-AF75814B4E78}.Release|Any CPU.Build.0 = Release|Any CPU
	EndGlobalSection
	GlobalSection(SolutionProperties) = preSolution
		HideSolutionNode = FALSE
	EndGlobalSection
	GlobalSection(ExtensibilityGlobals) = postSolution
		SolutionGuid = {19A00DDD-F1D0-436C-8CBD-61E04B264690}
	EndGlobalSection
EndGlobal
